
Microsoft Visual Studio Solution File, Format Version 12.00
# Visual Studio Version 17
VisualStudioVersion = 17.14.36414.22 d17.14
MinimumVisualStudioVersion = 10.0.40219.1
Project("{FAE04EC0-301F-11D3-BF4B-00C04F79EFBC}") = "Productos", "Productos\Productos.csproj", "{AA86E0AB-53C7-4469-88B1-2B369DC351C3}"
EndProject
Global
	GlobalSection(SolutionConfigurationPlatforms) = preSolution
		Debug|Any CPU = Debug|Any CPU
		Release|Any CPU = Release|Any CPU
	EndGlobalSection
	GlobalSection(ProjectConfigurationPlatforms) = postSolution
		{AA86E0AB-53C7-4469-88B1-2B369DC351C3}.Debug|Any CPU.ActiveCfg = Debug|Any CPU
		{AA86E0AB-53C7-4469-88B1-2B369DC351C3}.Debug|Any CPU.Build.0 = Debug|Any CPU
		{AA86E0AB-53C7-4469-88B1-2B369DC351C3}.Release|Any CPU.ActiveCfg = Release|Any CPU
		{AA86E0AB-53C7-4469-88B1-2B369DC351C3}.Release|Any CPU.Build.0 = Release|Any CPU
	EndGlobalSection
	GlobalSection(SolutionProperties) = preSolution
		HideSolutionNode = FALSE
	EndGlobalSection
	GlobalSection(ExtensibilityGlobals) = postSolution
		SolutionGuid = {94F2F201-67F5-45F2-9CDF-63732A784D5A}
	EndGlobalSection
EndGlobal
